
Microsoft Visual Studio Solution File, Format Version 12.00
# Visual Studio Version 17
VisualStudioVersion = 17.1.32407.343
MinimumVisualStudioVersion = 10.0.40219.1
Project("{8BC9CEB8-8B4A-11D0-8D11-00A0C91BC942}") = "tcpServer1", "tcpServer1\tcpServer1.vcxproj", "{D0299D13-1666-4325-89C6-61FABD447ED5}"
EndProject
Project("{8BC9CEB8-8B4A-11D0-8D11-00A0C91BC942}") = "tcpServer2", "tcpServer2\tcpServer2.vcxproj", "{7142E29C-93E2-4358-BCB3-B05DFEA03375}"
EndProject
Project("{8BC9CEB8-8B4A-11D0-8D11-00A0C91BC942}") = "tcpServerSelect", "tcpServerSelect\tcpServerSelect.vcxproj", "{4EAD8391-C968-492E-944A-B90F65695332}"
EndProject
Global
	GlobalSection(SolutionConfigurationPlatforms) = preSolution
		Debug|x64 = Debug|x64
		Debug|x86 = Debug|x86
		Release|x64 = Release|x64
		Release|x86 = Release|x86
	EndGlobalSection
	GlobalSection(ProjectConfigurationPlatforms) = postSolution
		{D0299D13-1666-4325-89C6-61FABD447ED5}.Debug|x64.ActiveCfg = Debug|x64
		{D0299D13-1666-4325-89C6-61FABD447ED5}.Debug|x64.Build.0 = Debug|x64
		{D0299D13-1666-4325-89C6-61FABD447ED5}.Debug|x86.ActiveCfg = Debug|Win32
		{D0299D13-1666-4325-89C6-61FABD447ED5}.Debug|x86.Build.0 = Debug|Win32
		{D0299D13-1666-4325-89C6-61FABD447ED5}.Release|x64.ActiveCfg = Release|x64
		{D0299D13-1666-4325-89C6-61FABD447ED5}.Release|x64.Build.0 = Release|x64
		{D0299D13-1666-4325-89C6-61FABD447ED5}.Release|x86.ActiveCfg = Release|Win32
		{D0299D13-1666-4325-89C6-61FABD447ED5}.Release|x86.Build.0 = Release|Win32
		{7142E29C-93E2-4358-BCB3-B05DFEA03375}.Debug|x64.ActiveCfg = Debug|x64
		{7142E29C-93E2-4358-BCB3-B05DFEA03375}.Debug|x64.Build.0 = Debug|x64
		{7142E29C-93E2-4358-BCB3-B05DFEA03375}.Debug|x86.ActiveCfg = Debug|Win32
		{7142E29C-93E2-4358-BCB3-B05DFEA03375}.Debug|x86.Build.0 = Debug|Win32
		{7142E29C-93E2-4358-BCB3-B05DFEA03375}.Release|x64.ActiveCfg = Release|x64
		{7142E29C-93E2-4358-BCB3-B05DFEA03375}.Release|x64.Build.0 = Release|x64
		{7142E29C-93E2-4358-BCB3-B05DFEA03375}.Release|x86.ActiveCfg = Release|Win32
		{7142E29C-93E2-4358-BCB3-B05DFEA03375}.Release|x86.Build.0 = Release|Win32
		{4EAD8391-C968-492E-944A-B90F65695332}.Debug|x64.ActiveCfg = Debug|x64
		{4EAD8391-C968-492E-944A-B90F65695332}.Debug|x64.Build.0 = Debug|x64
		{4EAD8391-C968-492E-944A-B90F65695332}.Debug|x86.ActiveCfg = Debug|Win32
		{4EAD8391-C968-492E-944A-B90F65695332}.Debug|x86.Build.0 = Debug|Win32
		{4EAD8391-C968-492E-944A-B90F65695332}.Release|x64.ActiveCfg = Release|x64
		{4EAD8391-C968-492E-944A-B90F65695332}.Release|x64.Build.0 = Release|x64
		{4EAD8391-C968-492E-944A-B90F65695332}.Release|x86.ActiveCfg = Release|Win32
		{4EAD8391-C968-492E-944A-B90F65695332}.Release|x86.Build.0 = Release|Win32
	EndGlobalSection
	GlobalSection(SolutionProperties) = preSolution
		HideSolutionNode = FALSE
	EndGlobalSection
	GlobalSection(ExtensibilityGlobals) = postSolution
		SolutionGuid = {145F7669-EFD0-4E1C-8C48-1AE6B565E558}
	EndGlobalSection
EndGlobal
